
Microsoft Visual Studio Solution File, Format Version 12.00
# Visual Studio 2012
Project("{FAE04EC0-301F-11D3-BF4B-00C04F79EFBC}") = "testing", "testing\testing.csproj", "{C0E595A9-CF92-4DC8-9A87-CAE611186660}"
EndProject
Project("{FAE04EC0-301F-11D3-BF4B-00C04F79EFBC}") = "testing.iOS", "iOS\testing.iOS.csproj", "{221F5AB8-496E-47B3-A357-8AED38F1C41C}"
EndProject
Project("{FAE04EC0-301F-11D3-BF4B-00C04F79EFBC}") = "testing.Droid", "Droid\testing.Droid.csproj", "{9104801F-1E18-4B2C-8FE8-9570B96A9C74}"
EndProject
Global
	GlobalSection(SolutionConfigurationPlatforms) = preSolution
		Debug|Any CPU = Debug|Any CPU
		Release|Any CPU = Release|Any CPU
		Debug|iPhoneSimulator = Debug|iPhoneSimulator
		Release|iPhone = Release|iPhone
		Release|iPhoneSimulator = Release|iPhoneSimulator
		Debug|iPhone = Debug|iPhone
	EndGlobalSection
	GlobalSection(ProjectConfigurationPlatforms) = postSolution
		{221F5AB8-496E-47B3-A357-8AED38F1C41C}.Debug|Any CPU.ActiveCfg = Debug|iPhoneSimulator
		{221F5AB8-496E-47B3-A357-8AED38F1C41C}.Debug|Any CPU.Build.0 = Debug|iPhoneSimulator
		{221F5AB8-496E-47B3-A357-8AED38F1C41C}.Debug|iPhone.ActiveCfg = Debug|iPhone
		{221F5AB8-496E-47B3-A357-8AED38F1C41C}.Debug|iPhone.Build.0 = Debug|iPhone
		{221F5AB8-496E-47B3-A357-8AED38F1C41C}.Debug|iPhoneSimulator.ActiveCfg = Debug|iPhoneSimulator
		{221F5AB8-496E-47B3-A357-8AED38F1C41C}.Debug|iPhoneSimulator.Build.0 = Debug|iPhoneSimulator
		{221F5AB8-496E-47B3-A357-8AED38F1C41C}.Release|Any CPU.ActiveCfg = Release|iPhone
		{221F5AB8-496E-47B3-A357-8AED38F1C41C}.Release|Any CPU.Build.0 = Release|iPhone
		{221F5AB8-496E-47B3-A357-8AED38F1C41C}.Release|iPhone.ActiveCfg = Release|iPhone
		{221F5AB8-496E-47B3-A357-8AED38F1C41C}.Release|iPhone.Build.0 = Release|iPhone
		{221F5AB8-496E-47B3-A357-8AED38F1C41C}.Release|iPhoneSimulator.ActiveCfg = Release|iPhoneSimulator
		{221F5AB8-496E-47B3-A357-8AED38F1C41C}.Release|iPhoneSimulator.Build.0 = Release|iPhoneSimulator
		{9104801F-1E18-4B2C-8FE8-9570B96A9C74}.Debug|Any CPU.ActiveCfg = Debug|Any CPU
		{9104801F-1E18-4B2C-8FE8-9570B96A9C74}.Debug|Any CPU.Build.0 = Debug|Any CPU
		{9104801F-1E18-4B2C-8FE8-9570B96A9C74}.Debug|iPhone.ActiveCfg = Debug|Any CPU
		{9104801F-1E18-4B2C-8FE8-9570B96A9C74}.Debug|iPhone.Build.0 = Debug|Any CPU
		{9104801F-1E18-4B2C-8FE8-9570B96A9C74}.Debug|iPhoneSimulator.ActiveCfg = Debug|Any CPU
		{9104801F-1E18-4B2C-8FE8-9570B96A9C74}.Debug|iPhoneSimulator.Build.0 = Debug|Any CPU
		{9104801F-1E18-4B2C-8FE8-9570B96A9C74}.Release|Any CPU.ActiveCfg = Release|Any CPU
		{9104801F-1E18-4B2C-8FE8-9570B96A9C74}.Release|Any CPU.Build.0 = Release|Any CPU
		{9104801F-1E18-4B2C-8FE8-9570B96A9C74}.Release|iPhone.ActiveCfg = Release|Any CPU
		{9104801F-1E18-4B2C-8FE8-9570B96A9C74}.Release|iPhone.Build.0 = Release|Any CPU
		{9104801F-1E18-4B2C-8FE8-9570B96A9C74}.Release|iPhoneSimulator.ActiveCfg = Release|Any CPU
		{9104801F-1E18-4B2C-8FE8-9570B96A9C74}.Release|iPhoneSimulator.Build.0 = Release|Any CPU
		{C0E595A9-CF92-4DC8-9A87-CAE611186660}.Debug|Any CPU.ActiveCfg = Debug|Any CPU
		{C0E595A9-CF92-4DC8-9A87-CAE611186660}.Debug|Any CPU.Build.0 = Debug|Any CPU
		{C0E595A9-CF92-4DC8-9A87-CAE611186660}.Debug|iPhone.ActiveCfg = Debug|Any CPU
		{C0E595A9-CF92-4DC8-9A87-CAE611186660}.Debug|iPhone.Build.0 = Debug|Any CPU
		{C0E595A9-CF92-4DC8-9A87-CAE611186660}.Debug|iPhoneSimulator.ActiveCfg = Debug|Any CPU
		{C0E595A9-CF92-4DC8-9A87-CAE611186660}.Debug|iPhoneSimulator.Build.0 = Debug|Any CPU
		{C0E595A9-CF92-4DC8-9A87-CAE611186660}.Release|Any CPU.ActiveCfg = Release|Any CPU
		{C0E595A9-CF92-4DC8-9A87-CAE611186660}.Release|Any CPU.Build.0 = Release|Any CPU
		{C0E595A9-CF92-4DC8-9A87-CAE611186660}.Release|iPhone.ActiveCfg = Release|Any CPU
		{C0E595A9-CF92-4DC8-9A87-CAE611186660}.Release|iPhone.Build.0 = Release|Any CPU
		{C0E595A9-CF92-4DC8-9A87-CAE611186660}.Release|iPhoneSimulator.ActiveCfg = Release|Any CPU
		{C0E595A9-CF92-4DC8-9A87-CAE611186660}.Release|iPhoneSimulator.Build.0 = Release|Any CPU
	EndGlobalSection
EndGlobal
